
Microsoft Visual Studio Solution File, Format Version 12.00
# Visual Studio 2013
VisualStudioVersion = 12.0.21005.1
MinimumVisualStudioVersion = 10.0.40219.1
Project("{FAE04EC0-301F-11D3-BF4B-00C04F79EFBC}") = "CokeAndChemicals", "CokeAndChemicals\CokeAndChemicals.csproj", "{2CD90AC0-F3E7-4C47-AC2E-94E71CA19DC6}"
EndProject
Project("{FAE04EC0-301F-11D3-BF4B-00C04F79EFBC}") = "BusinessClass", "..\BusinessClass\BusinessClass\BusinessClass.csproj", "{1F4004EA-A2A2-487C-8212-D939155E212A}"
EndProject
Project("{FAE04EC0-301F-11D3-BF4B-00C04F79EFBC}") = "AMSATenderOffice", "AMSATenderOffice\AMSATenderOffice.csproj", "{5C268FBD-738E-45FA-9706-59C6C1D9693E}"
EndProject
Project("{FAE04EC0-301F-11D3-BF4B-00C04F79EFBC}") = "COTBCMTOCRM", "COTBCMTOCRM\COTBCMTOCRM.csproj", "{C746D8C3-BAD3-4A2D-A774-E939325A8229}"
EndProject
Project("{FAE04EC0-301F-11D3-BF4B-00C04F79EFBC}") = "COTEFM", "COTEFM\COTEFM.csproj", "{1F863B30-4AAB-4A6B-B500-67ACF1D157BD}"
EndProject
Project("{FAE04EC0-301F-11D3-BF4B-00C04F79EFBC}") = "AmsaEmployeeDetails", "AmsaEmployeeDetails\AmsaEmployeeDetails.csproj", "{17F79A4A-DC9C-4F26-853B-A704BF213CC0}"
EndProject
Project("{FAE04EC0-301F-11D3-BF4B-00C04F79EFBC}") = "AMSATenderOfficeDailyRun", "AMSATenderOfficeDailyRun\AMSATenderOfficeDailyRun.csproj", "{05DB455F-A050-487F-A960-1CE6F936E5E4}"
EndProject
Project("{FAE04EC0-301F-11D3-BF4B-00C04F79EFBC}") = "AMSAVendorManagement", "AMSAVendorManagement\AMSAVendorManagement.csproj", "{586D7CCF-2911-4EED-9D8C-B86CE83F350F}"
EndProject
Global
	GlobalSection(SolutionConfigurationPlatforms) = preSolution
		Debug|Any CPU = Debug|Any CPU
		Debug|x64 = Debug|x64
		Debug|x86 = Debug|x86
		Release|Any CPU = Release|Any CPU
		Release|x64 = Release|x64
		Release|x86 = Release|x86
	EndGlobalSection
	GlobalSection(ProjectConfigurationPlatforms) = postSolution
		{2CD90AC0-F3E7-4C47-AC2E-94E71CA19DC6}.Debug|Any CPU.ActiveCfg = Debug|Any CPU
		{2CD90AC0-F3E7-4C47-AC2E-94E71CA19DC6}.Debug|Any CPU.Build.0 = Debug|Any CPU
		{2CD90AC0-F3E7-4C47-AC2E-94E71CA19DC6}.Debug|x64.ActiveCfg = Debug|Any CPU
		{2CD90AC0-F3E7-4C47-AC2E-94E71CA19DC6}.Debug|x64.Build.0 = Debug|Any CPU
		{2CD90AC0-F3E7-4C47-AC2E-94E71CA19DC6}.Debug|x86.ActiveCfg = Debug|Any CPU
		{2CD90AC0-F3E7-4C47-AC2E-94E71CA19DC6}.Debug|x86.Build.0 = Debug|Any CPU
		{2CD90AC0-F3E7-4C47-AC2E-94E71CA19DC6}.Release|Any CPU.ActiveCfg = Release|Any CPU
		{2CD90AC0-F3E7-4C47-AC2E-94E71CA19DC6}.Release|Any CPU.Build.0 = Release|Any CPU
		{2CD90AC0-F3E7-4C47-AC2E-94E71CA19DC6}.Release|x64.ActiveCfg = Release|x64
		{2CD90AC0-F3E7-4C47-AC2E-94E71CA19DC6}.Release|x64.Build.0 = Release|x64
		{2CD90AC0-F3E7-4C47-AC2E-94E71CA19DC6}.Release|x86.ActiveCfg = Release|x86
		{2CD90AC0-F3E7-4C47-AC2E-94E71CA19DC6}.Release|x86.Build.0 = Release|x86
		{1F4004EA-A2A2-487C-8212-D939155E212A}.Debug|Any CPU.ActiveCfg = Debug|Any CPU
		{1F4004EA-A2A2-487C-8212-D939155E212A}.Debug|Any CPU.Build.0 = Debug|Any CPU
		{1F4004EA-A2A2-487C-8212-D939155E212A}.Debug|x64.ActiveCfg = Debug|x64
		{1F4004EA-A2A2-487C-8212-D939155E212A}.Debug|x64.Build.0 = Debug|x64
		{1F4004EA-A2A2-487C-8212-D939155E212A}.Debug|x86.ActiveCfg = Debug|x86
		{1F4004EA-A2A2-487C-8212-D939155E212A}.Debug|x86.Build.0 = Debug|x86
		{1F4004EA-A2A2-487C-8212-D939155E212A}.Release|Any CPU.ActiveCfg = Release|Any CPU
		{1F4004EA-A2A2-487C-8212-D939155E212A}.Release|Any CPU.Build.0 = Release|Any CPU
		{1F4004EA-A2A2-487C-8212-D939155E212A}.Release|x64.ActiveCfg = Release|x64
		{1F4004EA-A2A2-487C-8212-D939155E212A}.Release|x64.Build.0 = Release|x64
		{1F4004EA-A2A2-487C-8212-D939155E212A}.Release|x86.ActiveCfg = Release|x86
		{1F4004EA-A2A2-487C-8212-D939155E212A}.Release|x86.Build.0 = Release|x86
		{5C268FBD-738E-45FA-9706-59C6C1D9693E}.Debug|Any CPU.ActiveCfg = Debug|Any CPU
		{5C268FBD-738E-45FA-9706-59C6C1D9693E}.Debug|Any CPU.Build.0 = Debug|Any CPU
		{5C268FBD-738E-45FA-9706-59C6C1D9693E}.Debug|x64.ActiveCfg = Debug|Any CPU
		{5C268FBD-738E-45FA-9706-59C6C1D9693E}.Debug|x86.ActiveCfg = Debug|Any CPU
		{5C268FBD-738E-45FA-9706-59C6C1D9693E}.Release|Any CPU.ActiveCfg = Release|Any CPU
		{5C268FBD-738E-45FA-9706-59C6C1D9693E}.Release|Any CPU.Build.0 = Release|Any CPU
		{5C268FBD-738E-45FA-9706-59C6C1D9693E}.Release|x64.ActiveCfg = Release|Any CPU
		{5C268FBD-738E-45FA-9706-59C6C1D9693E}.Release|x86.ActiveCfg = Release|Any CPU
		{C746D8C3-BAD3-4A2D-A774-E939325A8229}.Debug|Any CPU.ActiveCfg = Debug|Any CPU
		{C746D8C3-BAD3-4A2D-A774-E939325A8229}.Debug|Any CPU.Build.0 = Debug|Any CPU
		{C746D8C3-BAD3-4A2D-A774-E939325A8229}.Debug|x64.ActiveCfg = Debug|Any CPU
		{C746D8C3-BAD3-4A2D-A774-E939325A8229}.Debug|x86.ActiveCfg = Debug|Any CPU
		{C746D8C3-BAD3-4A2D-A774-E939325A8229}.Release|Any CPU.ActiveCfg = Release|Any CPU
		{C746D8C3-BAD3-4A2D-A774-E939325A8229}.Release|Any CPU.Build.0 = Release|Any CPU
		{C746D8C3-BAD3-4A2D-A774-E939325A8229}.Release|x64.ActiveCfg = Release|Any CPU
		{C746D8C3-BAD3-4A2D-A774-E939325A8229}.Release|x86.ActiveCfg = Release|Any CPU
		{1F863B30-4AAB-4A6B-B500-67ACF1D157BD}.Debug|Any CPU.ActiveCfg = Debug|Any CPU
		{1F863B30-4AAB-4A6B-B500-67ACF1D157BD}.Debug|Any CPU.Build.0 = Debug|Any CPU
		{1F863B30-4AAB-4A6B-B500-67ACF1D157BD}.Debug|x64.ActiveCfg = Debug|Any CPU
		{1F863B30-4AAB-4A6B-B500-67ACF1D157BD}.Debug|x86.ActiveCfg = Debug|Any CPU
		{1F863B30-4AAB-4A6B-B500-67ACF1D157BD}.Release|Any CPU.ActiveCfg = Release|Any CPU
		{1F863B30-4AAB-4A6B-B500-67ACF1D157BD}.Release|Any CPU.Build.0 = Release|Any CPU
		{1F863B30-4AAB-4A6B-B500-67ACF1D157BD}.Release|x64.ActiveCfg = Release|Any CPU
		{1F863B30-4AAB-4A6B-B500-67ACF1D157BD}.Release|x86.ActiveCfg = Release|Any CPU
		{17F79A4A-DC9C-4F26-853B-A704BF213CC0}.Debug|Any CPU.ActiveCfg = Debug|Any CPU
		{17F79A4A-DC9C-4F26-853B-A704BF213CC0}.Debug|Any CPU.Build.0 = Debug|Any CPU
		{17F79A4A-DC9C-4F26-853B-A704BF213CC0}.Debug|x64.ActiveCfg = Debug|Any CPU
		{17F79A4A-DC9C-4F26-853B-A704BF213CC0}.Debug|x86.ActiveCfg = Debug|Any CPU
		{17F79A4A-DC9C-4F26-853B-A704BF213CC0}.Release|Any CPU.ActiveCfg = Release|Any CPU
		{17F79A4A-DC9C-4F26-853B-A704BF213CC0}.Release|Any CPU.Build.0 = Release|Any CPU
		{17F79A4A-DC9C-4F26-853B-A704BF213CC0}.Release|x64.ActiveCfg = Release|Any CPU
		{17F79A4A-DC9C-4F26-853B-A704BF213CC0}.Release|x86.ActiveCfg = Release|Any CPU
		{05DB455F-A050-487F-A960-1CE6F936E5E4}.Debug|Any CPU.ActiveCfg = Debug|Any CPU
		{05DB455F-A050-487F-A960-1CE6F936E5E4}.Debug|Any CPU.Build.0 = Debug|Any CPU
		{05DB455F-A050-487F-A960-1CE6F936E5E4}.Debug|x64.ActiveCfg = Debug|Any CPU
		{05DB455F-A050-487F-A960-1CE6F936E5E4}.Debug|x86.ActiveCfg = Debug|Any CPU
		{05DB455F-A050-487F-A960-1CE6F936E5E4}.Release|Any CPU.ActiveCfg = Release|Any CPU
		{05DB455F-A050-487F-A960-1CE6F936E5E4}.Release|Any CPU.Build.0 = Release|Any CPU
		{05DB455F-A050-487F-A960-1CE6F936E5E4}.Release|x64.ActiveCfg = Release|Any CPU
		{05DB455F-A050-487F-A960-1CE6F936E5E4}.Release|x86.ActiveCfg = Release|Any CPU
		{586D7CCF-2911-4EED-9D8C-B86CE83F350F}.Debug|Any CPU.ActiveCfg = Debug|Any CPU
		{586D7CCF-2911-4EED-9D8C-B86CE83F350F}.Debug|Any CPU.Build.0 = Debug|Any CPU
		{586D7CCF-2911-4EED-9D8C-B86CE83F350F}.Debug|x64.ActiveCfg = Debug|Any CPU
		{586D7CCF-2911-4EED-9D8C-B86CE83F350F}.Debug|x86.ActiveCfg = Debug|Any CPU
		{586D7CCF-2911-4EED-9D8C-B86CE83F350F}.Release|Any CPU.ActiveCfg = Release|Any CPU
		{586D7CCF-2911-4EED-9D8C-B86CE83F350F}.Release|Any CPU.Build.0 = Release|Any CPU
		{586D7CCF-2911-4EED-9D8C-B86CE83F350F}.Release|x64.ActiveCfg = Release|Any CPU
		{586D7CCF-2911-4EED-9D8C-B86CE83F350F}.Release|x86.ActiveCfg = Release|Any CPU
	EndGlobalSection
	GlobalSection(SolutionProperties) = preSolution
		HideSolutionNode = FALSE
	EndGlobalSection
EndGlobal
